patel.codes/ranking v0.0.0-20260530222915-6673a687dab8 h1:MmiE3xaHbE1/dKEl0R8pAtsjGJXrYftZMTv0Yh0U7/s=
patel.codes/ranking v0.0.0-20260530222915-6673a687dab8/go.mod h1:QGNJeBhEp/rGZrInCAuwl5vDuBYJIlXfhTKz5DLgT+A=
patel.codes/ranking v0.0.0-20260530234510-1ebe800d22eb h1:xCmuL5fKlJBN7LdJ2Id11V39ke1BrKjCa7wQx13IYRI=
patel.codes/ranking v0.0.0-20260530234510-1ebe800d22eb/go.mod h1:QGNJeBhEp/rGZrInCAuwl5vDuBYJIlXfhTKz5DLgT+A=
